
Microsoft Visual Studio Solution File, Format Version 12.00
# Visual Studio 14
VisualStudioVersion = 14.0.25420.1
MinimumVisualStudioVersion = 10.0.40219.1
Project("{8BC9CEB8-8B4A-11D0-8D11-00A0C91BC942}") = "SIFT_2.4.13.2", "SIFT_2.4.13.2\SIFT_2.4.13.2.vcxproj", "{7F08A326-3E53-41B4-907A-C4E0D252F570}"
EndProject
Project("{8BC9CEB8-8B4A-11D0-8D11-00A0C91BC942}") = "SIFT_3.2", "SIFT_3.2\SIFT_3.2.vcxproj", "{D6D299FE-5F91-470B-BB03-BF696B986E8A}"
EndProject
Project("{8BC9CEB8-8B4A-11D0-8D11-00A0C91BC942}") = "SimpleBlobDetector_3.1", "SimpleBlobDetector_3.1\SimpleBlobDetector_3.1.vcxproj", "{E88FB391-28F2-4B2C-989D-1B627259DFD1}"
EndProject
Project("{8BC9CEB8-8B4A-11D0-8D11-00A0C91BC942}") = "feature_based_template_matching_3.1", "feature_based_template_matching_3.1\feature_based_template_matching_3.1.vcxproj", "{40192433-FD68-438A-8755-19E21BD38823}"
EndProject
Project("{8BC9CEB8-8B4A-11D0-8D11-00A0C91BC942}") = "cvtColor", "cvtColor\cvtColor.vcxproj", "{E7635C0E-9644-4195-B88D-D400AF4C1ED7}"
EndProject
Project("{8BC9CEB8-8B4A-11D0-8D11-00A0C91BC942}") = "cuda_overlapping_memory_copy_with_kernel_3.4", "cuda_overlapping_memory_copy_with_kernel_3.4\cuda_overlapping_memory_copy_with_kernel_3.4.vcxproj", "{F44C8299-4E9D-4CD2-903F-8607A835C6DC}"
EndProject
Project("{8BC9CEB8-8B4A-11D0-8D11-00A0C91BC942}") = "cuda_stream_master", "cuda_stream_master\cuda_stream_master.vcxproj", "{CB0277E5-519A-4E35-AE22-CC108CABE6CB}"
EndProject
Project("{8BC9CEB8-8B4A-11D0-8D11-00A0C91BC942}") = "npp_master", "npp_master\npp_master.vcxproj", "{417CF8A8-53C9-4242-9EA3-35EB2F27C08D}"
EndProject
Project("{8BC9CEB8-8B4A-11D0-8D11-00A0C91BC942}") = "npp_master_9.1", "npp_master_9.1\npp_master_9.1.vcxproj", "{C4223488-C1FC-4281-98B2-77C60337EEFF}"
EndProject
Project("{8BC9CEB8-8B4A-11D0-8D11-00A0C91BC942}") = "experimental_filesystem_tutorial", "experimental_filesystem_tutorial\experimental_filesystem_tutorial.vcxproj", "{5183CED3-55EB-4212-A216-147B20DEC4AA}"
EndProject
Project("{8BC9CEB8-8B4A-11D0-8D11-00A0C91BC942}") = "experimental_filesystem_rapidjson_tutorial", "experimental_filesystem_rapidjson_tutorial\experimental_filesystem_rapidjson_tutorial.vcxproj", "{5C8EADC4-8D2A-4910-BB18-8B1579D32A53}"
EndProject
Project("{8BC9CEB8-8B4A-11D0-8D11-00A0C91BC942}") = "BufferPool_master", "BufferPool_master\BufferPool_master.vcxproj", "{8664022D-83CC-4195-A0E4-310EA2A4A635}"
EndProject
Project("{8BC9CEB8-8B4A-11D0-8D11-00A0C91BC942}") = "cuda_stream_master_2_9.2", "cuda_stream_master_2_9.2\cuda_stream_master_2_9.2.vcxproj", "{F355AFEE-50FD-416D-9A65-599F52F0D297}"
EndProject
Project("{8BC9CEB8-8B4A-11D0-8D11-00A0C91BC942}") = "boost_interprocess_delete_destroy_tester", "boost_interprocess_delete_destroy_tester\boost_interprocess_delete_destroy_tester.vcxproj", "{1FACEC75-0CA0-4372-8ED4-1809DDEE8CFF}"
EndProject
Project("{8BC9CEB8-8B4A-11D0-8D11-00A0C91BC942}") = "boost_interprocess_mutex_tester", "boost_interprocess_mutex_tester\boost_interprocess_mutex_tester.vcxproj", "{D0FAFC39-2989-4248-98FE-67D74C60CB6C}"
EndProject
Project("{8BC9CEB8-8B4A-11D0-8D11-00A0C91BC942}") = "LineIterator_3.4", "LineIterator_3.4\LineIterator_3.4.vcxproj", "{CC4D5F59-4E14-4148-B773-EABC08A1DD0E}"
EndProject
Project("{8BC9CEB8-8B4A-11D0-8D11-00A0C91BC942}") = "cuda_memory_heavy_load_test_9.0", "cuda_memory_heavy_load_test_9.0\cuda_memory_heavy_load_test_9.0.vcxproj", "{556BA790-AFFC-4F91-A61F-23ECB2D62529}"
EndProject
Project("{8BC9CEB8-8B4A-11D0-8D11-00A0C91BC942}") = "imread_test", "imread_test\imread_test.vcxproj", "{0E05D936-2F3E-4BAE-89E7-50A068EF5798}"
EndProject
Project("{8BC9CEB8-8B4A-11D0-8D11-00A0C91BC942}") = "ImageResize_4.1.0", "ImageResize_4.1.0\ImageResize_4.1.0.vcxproj", "{CD8019EE-0DFC-446E-A95F-33A65BD5FFC5}"
EndProject
Project("{8BC9CEB8-8B4A-11D0-8D11-00A0C91BC942}") = "merge_test_4.1.0", "merge_test_4.1.0\merge_test_4.1.0.vcxproj", "{D86EE422-0E48-4835-8BDF-28F13AF72AB0}"
EndProject
Global
	GlobalSection(SolutionConfigurationPlatforms) = preSolution
		Debug|x64 = Debug|x64
		Debug|x86 = Debug|x86
		Release|x64 = Release|x64
		Release|x86 = Release|x86
	EndGlobalSection
	GlobalSection(ProjectConfigurationPlatforms) = postSolution
		{7F08A326-3E53-41B4-907A-C4E0D252F570}.Debug|x64.ActiveCfg = Debug|x64
		{7F08A326-3E53-41B4-907A-C4E0D252F570}.Debug|x64.Build.0 = Debug|x64
		{7F08A326-3E53-41B4-907A-C4E0D252F570}.Debug|x86.ActiveCfg = Debug|Win32
		{7F08A326-3E53-41B4-907A-C4E0D252F570}.Debug|x86.Build.0 = Debug|Win32
		{7F08A326-3E53-41B4-907A-C4E0D252F570}.Release|x64.ActiveCfg = Release|x64
		{7F08A326-3E53-41B4-907A-C4E0D252F570}.Release|x64.Build.0 = Release|x64
		{7F08A326-3E53-41B4-907A-C4E0D252F570}.Release|x86.ActiveCfg = Release|Win32
		{7F08A326-3E53-41B4-907A-C4E0D252F570}.Release|x86.Build.0 = Release|Win32
		{D6D299FE-5F91-470B-BB03-BF696B986E8A}.Debug|x64.ActiveCfg = Debug|x64
		{D6D299FE-5F91-470B-BB03-BF696B986E8A}.Debug|x64.Build.0 = Debug|x64
		{D6D299FE-5F91-470B-BB03-BF696B986E8A}.Debug|x86.ActiveCfg = Debug|Win32
		{D6D299FE-5F91-470B-BB03-BF696B986E8A}.Debug|x86.Build.0 = Debug|Win32
		{D6D299FE-5F91-470B-BB03-BF696B986E8A}.Release|x64.ActiveCfg = Release|x64
		{D6D299FE-5F91-470B-BB03-BF696B986E8A}.Release|x64.Build.0 = Release|x64
		{D6D299FE-5F91-470B-BB03-BF696B986E8A}.Release|x86.ActiveCfg = Release|Win32
		{D6D299FE-5F91-470B-BB03-BF696B986E8A}.Release|x86.Build.0 = Release|Win32
		{E88FB391-28F2-4B2C-989D-1B627259DFD1}.Debug|x64.ActiveCfg = Debug|x64
		{E88FB391-28F2-4B2C-989D-1B627259DFD1}.Debug|x64.Build.0 = Debug|x64
		{E88FB391-28F2-4B2C-989D-1B627259DFD1}.Debug|x86.ActiveCfg = Debug|Win32
		{E88FB391-28F2-4B2C-989D-1B627259DFD1}.Debug|x86.Build.0 = Debug|Win32
		{E88FB391-28F2-4B2C-989D-1B627259DFD1}.Release|x64.ActiveCfg = Release|x64
		{E88FB391-28F2-4B2C-989D-1B627259DFD1}.Release|x64.Build.0 = Release|x64
		{E88FB391-28F2-4B2C-989D-1B627259DFD1}.Release|x86.ActiveCfg = Release|Win32
		{E88FB391-28F2-4B2C-989D-1B627259DFD1}.Release|x86.Build.0 = Release|Win32
		{40192433-FD68-438A-8755-19E21BD38823}.Debug|x64.ActiveCfg = Debug|x64
		{40192433-FD68-438A-8755-19E21BD38823}.Debug|x64.Build.0 = Debug|x64
		{40192433-FD68-438A-8755-19E21BD38823}.Debug|x86.ActiveCfg = Debug|Win32
		{40192433-FD68-438A-8755-19E21BD38823}.Debug|x86.Build.0 = Debug|Win32
		{40192433-FD68-438A-8755-19E21BD38823}.Release|x64.ActiveCfg = Release|x64
		{40192433-FD68-438A-8755-19E21BD38823}.Release|x64.Build.0 = Release|x64
		{40192433-FD68-438A-8755-19E21BD38823}.Release|x86.ActiveCfg = Release|Win32
		{40192433-FD68-438A-8755-19E21BD38823}.Release|x86.Build.0 = Release|Win32
		{E7635C0E-9644-4195-B88D-D400AF4C1ED7}.Debug|x64.ActiveCfg = Debug|x64
		{E7635C0E-9644-4195-B88D-D400AF4C1ED7}.Debug|x64.Build.0 = Debug|x64
		{E7635C0E-9644-4195-B88D-D400AF4C1ED7}.Debug|x86.ActiveCfg = Debug|Win32
		{E7635C0E-9644-4195-B88D-D400AF4C1ED7}.Debug|x86.Build.0 = Debug|Win32
		{E7635C0E-9644-4195-B88D-D400AF4C1ED7}.Release|x64.ActiveCfg = Release|x64
		{E7635C0E-9644-4195-B88D-D400AF4C1ED7}.Release|x64.Build.0 = Release|x64
		{E7635C0E-9644-4195-B88D-D400AF4C1ED7}.Release|x86.ActiveCfg = Release|Win32
		{E7635C0E-9644-4195-B88D-D400AF4C1ED7}.Release|x86.Build.0 = Release|Win32
		{F44C8299-4E9D-4CD2-903F-8607A835C6DC}.Debug|x64.ActiveCfg = Debug|x64
		{F44C8299-4E9D-4CD2-903F-8607A835C6DC}.Debug|x64.Build.0 = Debug|x64
		{F44C8299-4E9D-4CD2-903F-8607A835C6DC}.Debug|x86.ActiveCfg = Debug|Win32
		{F44C8299-4E9D-4CD2-903F-8607A835C6DC}.Debug|x86.Build.0 = Debug|Win32
		{F44C8299-4E9D-4CD2-903F-8607A835C6DC}.Release|x64.ActiveCfg = Release|x64
		{F44C8299-4E9D-4CD2-903F-8607A835C6DC}.Release|x64.Build.0 = Release|x64
		{F44C8299-4E9D-4CD2-903F-8607A835C6DC}.Release|x86.ActiveCfg = Release|Win32
		{F44C8299-4E9D-4CD2-903F-8607A835C6DC}.Release|x86.Build.0 = Release|Win32
		{CB0277E5-519A-4E35-AE22-CC108CABE6CB}.Debug|x64.ActiveCfg = Debug|x64
		{CB0277E5-519A-4E35-AE22-CC108CABE6CB}.Debug|x64.Build.0 = Debug|x64
		{CB0277E5-519A-4E35-AE22-CC108CABE6CB}.Debug|x86.ActiveCfg = Debug|Win32
		{CB0277E5-519A-4E35-AE22-CC108CABE6CB}.Debug|x86.Build.0 = Debug|Win32
		{CB0277E5-519A-4E35-AE22-CC108CABE6CB}.Release|x64.ActiveCfg = Release|x64
		{CB0277E5-519A-4E35-AE22-CC108CABE6CB}.Release|x64.Build.0 = Release|x64
		{CB0277E5-519A-4E35-AE22-CC108CABE6CB}.Release|x86.ActiveCfg = Release|Win32
		{CB0277E5-519A-4E35-AE22-CC108CABE6CB}.Release|x86.Build.0 = Release|Win32
		{417CF8A8-53C9-4242-9EA3-35EB2F27C08D}.Debug|x64.ActiveCfg = Debug|x64
		{417CF8A8-53C9-4242-9EA3-35EB2F27C08D}.Debug|x64.Build.0 = Debug|x64
		{417CF8A8-53C9-4242-9EA3-35EB2F27C08D}.Debug|x86.ActiveCfg = Debug|Win32
		{417CF8A8-53C9-4242-9EA3-35EB2F27C08D}.Debug|x86.Build.0 = Debug|Win32
		{417CF8A8-53C9-4242-9EA3-35EB2F27C08D}.Release|x64.ActiveCfg = Release|x64
		{417CF8A8-53C9-4242-9EA3-35EB2F27C08D}.Release|x64.Build.0 = Release|x64
		{417CF8A8-53C9-4242-9EA3-35EB2F27C08D}.Release|x86.ActiveCfg = Release|Win32
		{417CF8A8-53C9-4242-9EA3-35EB2F27C08D}.Release|x86.Build.0 = Release|Win32
		{C4223488-C1FC-4281-98B2-77C60337EEFF}.Debug|x64.ActiveCfg = Debug|x64
		{C4223488-C1FC-4281-98B2-77C60337EEFF}.Debug|x64.Build.0 = Debug|x64
		{C4223488-C1FC-4281-98B2-77C60337EEFF}.Debug|x86.ActiveCfg = Debug|x64
		{C4223488-C1FC-4281-98B2-77C60337EEFF}.Release|x64.ActiveCfg = Release|x64
		{C4223488-C1FC-4281-98B2-77C60337EEFF}.Release|x64.Build.0 = Release|x64
		{C4223488-C1FC-4281-98B2-77C60337EEFF}.Release|x86.ActiveCfg = Release|x64
		{5183CED3-55EB-4212-A216-147B20DEC4AA}.Debug|x64.ActiveCfg = Debug|x64
		{5183CED3-55EB-4212-A216-147B20DEC4AA}.Debug|x64.Build.0 = Debug|x64
		{5183CED3-55EB-4212-A216-147B20DEC4AA}.Debug|x86.ActiveCfg = Debug|Win32
		{5183CED3-55EB-4212-A216-147B20DEC4AA}.Debug|x86.Build.0 = Debug|Win32
		{5183CED3-55EB-4212-A216-147B20DEC4AA}.Release|x64.ActiveCfg = Release|x64
		{5183CED3-55EB-4212-A216-147B20DEC4AA}.Release|x64.Build.0 = Release|x64
		{5183CED3-55EB-4212-A216-147B20DEC4AA}.Release|x86.ActiveCfg = Release|Win32
		{5183CED3-55EB-4212-A216-147B20DEC4AA}.Release|x86.Build.0 = Release|Win32
		{5C8EADC4-8D2A-4910-BB18-8B1579D32A53}.Debug|x64.ActiveCfg = Debug|x64
		{5C8EADC4-8D2A-4910-BB18-8B1579D32A53}.Debug|x64.Build.0 = Debug|x64
		{5C8EADC4-8D2A-4910-BB18-8B1579D32A53}.Debug|x86.ActiveCfg = Debug|Win32
		{5C8EADC4-8D2A-4910-BB18-8B1579D32A53}.Debug|x86.Build.0 = Debug|Win32
		{5C8EADC4-8D2A-4910-BB18-8B1579D32A53}.Release|x64.ActiveCfg = Release|x64
		{5C8EADC4-8D2A-4910-BB18-8B1579D32A53}.Release|x64.Build.0 = Release|x64
		{5C8EADC4-8D2A-4910-BB18-8B1579D32A53}.Release|x86.ActiveCfg = Release|Win32
		{5C8EADC4-8D2A-4910-BB18-8B1579D32A53}.Release|x86.Build.0 = Release|Win32
		{8664022D-83CC-4195-A0E4-310EA2A4A635}.Debug|x64.ActiveCfg = Debug|x64
		{8664022D-83CC-4195-A0E4-310EA2A4A635}.Debug|x64.Build.0 = Debug|x64
		{8664022D-83CC-4195-A0E4-310EA2A4A635}.Debug|x86.ActiveCfg = Debug|Win32
		{8664022D-83CC-4195-A0E4-310EA2A4A635}.Debug|x86.Build.0 = Debug|Win32
		{8664022D-83CC-4195-A0E4-310EA2A4A635}.Release|x64.ActiveCfg = Release|x64
		{8664022D-83CC-4195-A0E4-310EA2A4A635}.Release|x64.Build.0 = Release|x64
		{8664022D-83CC-4195-A0E4-310EA2A4A635}.Release|x86.ActiveCfg = Release|Win32
		{8664022D-83CC-4195-A0E4-310EA2A4A635}.Release|x86.Build.0 = Release|Win32
		{F355AFEE-50FD-416D-9A65-599F52F0D297}.Debug|x64.ActiveCfg = Debug|x64
		{F355AFEE-50FD-416D-9A65-599F52F0D297}.Debug|x64.Build.0 = Debug|x64
		{F355AFEE-50FD-416D-9A65-599F52F0D297}.Debug|x86.ActiveCfg = Debug|x64
		{F355AFEE-50FD-416D-9A65-599F52F0D297}.Release|x64.ActiveCfg = Release|x64
		{F355AFEE-50FD-416D-9A65-599F52F0D297}.Release|x64.Build.0 = Release|x64
		{F355AFEE-50FD-416D-9A65-599F52F0D297}.Release|x86.ActiveCfg = Release|x64
		{1FACEC75-0CA0-4372-8ED4-1809DDEE8CFF}.Debug|x64.ActiveCfg = Debug|x64
		{1FACEC75-0CA0-4372-8ED4-1809DDEE8CFF}.Debug|x64.Build.0 = Debug|x64
		{1FACEC75-0CA0-4372-8ED4-1809DDEE8CFF}.Debug|x86.ActiveCfg = Debug|Win32
		{1FACEC75-0CA0-4372-8ED4-1809DDEE8CFF}.Debug|x86.Build.0 = Debug|Win32
		{1FACEC75-0CA0-4372-8ED4-1809DDEE8CFF}.Release|x64.ActiveCfg = Release|x64
		{1FACEC75-0CA0-4372-8ED4-1809DDEE8CFF}.Release|x64.Build.0 = Release|x64
		{1FACEC75-0CA0-4372-8ED4-1809DDEE8CFF}.Release|x86.ActiveCfg = Release|Win32
		{1FACEC75-0CA0-4372-8ED4-1809DDEE8CFF}.Release|x86.Build.0 = Release|Win32
		{D0FAFC39-2989-4248-98FE-67D74C60CB6C}.Debug|x64.ActiveCfg = Debug|x64
		{D0FAFC39-2989-4248-98FE-67D74C60CB6C}.Debug|x64.Build.0 = Debug|x64
		{D0FAFC39-2989-4248-98FE-67D74C60CB6C}.Debug|x86.ActiveCfg = Debug|Win32
		{D0FAFC39-2989-4248-98FE-67D74C60CB6C}.Debug|x86.Build.0 = Debug|Win32
		{D0FAFC39-2989-4248-98FE-67D74C60CB6C}.Release|x64.ActiveCfg = Release|x64
		{D0FAFC39-2989-4248-98FE-67D74C60CB6C}.Release|x64.Build.0 = Release|x64
		{D0FAFC39-2989-4248-98FE-67D74C60CB6C}.Release|x86.ActiveCfg = Release|Win32
		{D0FAFC39-2989-4248-98FE-67D74C60CB6C}.Release|x86.Build.0 = Release|Win32
		{CC4D5F59-4E14-4148-B773-EABC08A1DD0E}.Debug|x64.ActiveCfg = Debug|x64
		{CC4D5F59-4E14-4148-B773-EABC08A1DD0E}.Debug|x64.Build.0 = Debug|x64
		{CC4D5F59-4E14-4148-B773-EABC08A1DD0E}.Debug|x86.ActiveCfg = Debug|Win32
		{CC4D5F59-4E14-4148-B773-EABC08A1DD0E}.Debug|x86.Build.0 = Debug|Win32
		{CC4D5F59-4E14-4148-B773-EABC08A1DD0E}.Release|x64.ActiveCfg = Release|x64
		{CC4D5F59-4E14-4148-B773-EABC08A1DD0E}.Release|x64.Build.0 = Release|x64
		{CC4D5F59-4E14-4148-B773-EABC08A1DD0E}.Release|x86.ActiveCfg = Release|Win32
		{CC4D5F59-4E14-4148-B773-EABC08A1DD0E}.Release|x86.Build.0 = Release|Win32
		{556BA790-AFFC-4F91-A61F-23ECB2D62529}.Debug|x64.ActiveCfg = Debug|x64
		{556BA790-AFFC-4F91-A61F-23ECB2D62529}.Debug|x64.Build.0 = Debug|x64
		{556BA790-AFFC-4F91-A61F-23ECB2D62529}.Debug|x86.ActiveCfg = Debug|x64
		{556BA790-AFFC-4F91-A61F-23ECB2D62529}.Release|x64.ActiveCfg = Release|x64
		{556BA790-AFFC-4F91-A61F-23ECB2D62529}.Release|x64.Build.0 = Release|x64
		{556BA790-AFFC-4F91-A61F-23ECB2D62529}.Release|x86.ActiveCfg = Release|x64
		{0E05D936-2F3E-4BAE-89E7-50A068EF5798}.Debug|x64.ActiveCfg = Debug|x64
		{0E05D936-2F3E-4BAE-89E7-50A068EF5798}.Debug|x64.Build.0 = Debug|x64
		{0E05D936-2F3E-4BAE-89E7-50A068EF5798}.Debug|x86.ActiveCfg = Debug|Win32
		{0E05D936-2F3E-4BAE-89E7-50A068EF5798}.Debug|x86.Build.0 = Debug|Win32
		{0E05D936-2F3E-4BAE-89E7-50A068EF5798}.Release|x64.ActiveCfg = Release|x64
		{0E05D936-2F3E-4BAE-89E7-50A068EF5798}.Release|x64.Build.0 = Release|x64
		{0E05D936-2F3E-4BAE-89E7-50A068EF5798}.Release|x86.ActiveCfg = Release|Win32
		{0E05D936-2F3E-4BAE-89E7-50A068EF5798}.Release|x86.Build.0 = Release|Win32
		{CD8019EE-0DFC-446E-A95F-33A65BD5FFC5}.Debug|x64.ActiveCfg = Debug|x64
		{CD8019EE-0DFC-446E-A95F-33A65BD5FFC5}.Debug|x64.Build.0 = Debug|x64
		{CD8019EE-0DFC-446E-A95F-33A65BD5FFC5}.Debug|x86.ActiveCfg = Debug|Win32
		{CD8019EE-0DFC-446E-A95F-33A65BD5FFC5}.Debug|x86.Build.0 = Debug|Win32
		{CD8019EE-0DFC-446E-A95F-33A65BD5FFC5}.Release|x64.ActiveCfg = Release|x64
		{CD8019EE-0DFC-446E-A95F-33A65BD5FFC5}.Release|x64.Build.0 = Release|x64
		{CD8019EE-0DFC-446E-A95F-33A65BD5FFC5}.Release|x86.ActiveCfg = Release|Win32
		{CD8019EE-0DFC-446E-A95F-33A65BD5FFC5}.Release|x86.Build.0 = Release|Win32
		{D86EE422-0E48-4835-8BDF-28F13AF72AB0}.Debug|x64.ActiveCfg = Debug|x64
		{D86EE422-0E48-4835-8BDF-28F13AF72AB0}.Debug|x64.Build.0 = Debug|x64
		{D86EE422-0E48-4835-8BDF-28F13AF72AB0}.Debug|x86.ActiveCfg = Debug|Win32
		{D86EE422-0E48-4835-8BDF-28F13AF72AB0}.Debug|x86.Build.0 = Debug|Win32
		{D86EE422-0E48-4835-8BDF-28F13AF72AB0}.Release|x64.ActiveCfg = Release|x64
		{D86EE422-0E48-4835-8BDF-28F13AF72AB0}.Release|x64.Build.0 = Release|x64
		{D86EE422-0E48-4835-8BDF-28F13AF72AB0}.Release|x86.ActiveCfg = Release|Win32
		{D86EE422-0E48-4835-8BDF-28F13AF72AB0}.Release|x86.Build.0 = Release|Win32
	EndGlobalSection
	GlobalSection(SolutionProperties) = preSolution
		HideSolutionNode = FALSE
	EndGlobalSection
EndGlobal
